// !$*UTF8*$!
{
	archiveVersion = 1;
	classes = {
	};
	objectVersion = 46;
	objects = {

/* Begin PBXBuildFile section */
		5AF23C931D15E39600B24A81 /* AppDelegate.swift in Sources */ = {isa = PBXBuildFile; fileRef = 5AF23C921D15E39600B24A81 /* AppDelegate.swift */; };
		5AF23C951D15E39600B24A81 /* ViewController.swift in Sources */ = {isa = PBXBuildFile; fileRef = 5AF23C941D15E39600B24A81 /* ViewController.swift */; };
		5AF23C981D15E39600B24A81 /* Main.storyboard in Resources */ = {isa = PBXBuildFile; fileRef = 5AF23C961D15E39600B24A81 /* Main.storyboard */; };
		5AF23C9A1D15E39600B24A81 /* Assets.xcassets in Resources */ = {isa = PBXBuildFile; fileRef = 5AF23C991D15E39600B24A81 /* Assets.xcassets */; };
		5AF23C9D1D15E39600B24A81 /* LaunchScreen.storyboard in Resources */ = {isa = PBXBuildFile; fileRef = 5AF23C9B1D15E39600B24A81 /* LaunchScreen.storyboard */; };
/* End PBXBuildFile section */

/* Begin PBXFileReference section */
		5AF23C8F1D15E39600B24A81 /* HideBombs.app */ = {isa = PBXFileReference; explicitFileType = wrapper.application; includeInIndex = 0; path = HideBombs.app; sourceTree = BUILT_PRODUCTS_DIR; };
		5AF23C921D15E39600B24A81 /* AppDelegate.swift */ = {isa = PBXFileReference; lastKnownFileType = sourcecode.swift; path = AppDelegate.swift; sourceTree = "<group>"; };
		5AF23C941D15E39600B24A81 /* ViewController.swift */ = {isa = PBXFileReference; lastKnownFileType = sourcecode.swift; path = ViewController.swift; sourceTree = "<group>"; };
		5AF23C971D15E39600B24A81 /* Base */ = {isa = PBXFileReference; lastKnownFileType = file.storyboard; name = Base; path = Base.lproj/Main.storyboard; sourceTree = "<group>"; };
		5AF23C991D15E39600B24A81 /* Assets.xcassets */ = {isa = PBXFileReference; lastKnownFileType = folder.assetcatalog; path = Assets.xcassets; sourceTree = "<group>"; };
		5AF23C9C1D15E39600B24A81 /* Base */ = {isa = PBXFileReference; lastKnownFileType = file.storyboard; name = Base; path = Base.lproj/LaunchScreen.storyboard; sourceTree = "<group>"; };
		5AF23C9E1D15E39600B24A81 /* Info.plist */ = {isa = PBXFileReference; lastKnownFileType = text.plist.xml; path = Info.plist; sourceTree = "<group>"; };
/* End PBXFileReference section */

/* Begin PBXFrameworksBuildPhase section */
		5AF23C8C1D15E39600B24A81 /* Frameworks */ = {
			isa = PBXFrameworksBuildPhase;
			buildActionMask = 2147483647;
			files = (
			);
			runOnlyForDeploymentPostprocessing = 0;
		};
/* End PBXFrameworksBuildPhase section */

/* Begin PBXGroup section */
		5AF23C861D15E39600B24A81 = {
			isa = PBXGroup;
			children = (
				5AF23C911D15E39600B24A81 /* HideBombs */,
				5AF23C901D15E39600B24A81 /* Products */,
			);
			sourceTree = "<group>";
		};
		5AF23C901D15E39600B24A81 /* Products */ = {
			isa = PBXGroup;
			children = (
				5AF23C8F1D15E39600B24A81 /* HideBombs.app */,
			);
			name = Products;
			sourceTree = "<group>";
		};
		5AF23C911D15E39600B24A81 /* HideBombs */ = {
			isa = PBXGroup;
			children = (
				5AF23C921D15E39600B24A81 /* AppDelegate.swift */,
				5AF23C941D15E39600B24A81 /* ViewController.swift */,
				5AF23C961D15E39600B24A81 /* Main.storyboard */,
				5AF23C991D15E39600B24A81 /* Assets.xcassets */,
				5AF23C9B1D15E39600B24A81 /* LaunchScreen.storyboard */,
				5AF23C9E1D15E39600B24A81 /* Info.plist */,
			);
			path = HideBombs;
			sourceTree = "<group>";
		};
/* End PBXGroup section */

/* Begin PBXNativeTarget section */
		5AF23C8E1D15E39600B24A81 /* HideBombs */ = {
			isa = PBXNativeTarget;
			buildConfigurationList = 5AF23CA11D15E39600B24A81 /* Build configuration list for PBXNativeTarget "HideBombs" */;
			buildPhases = (
				5AF23C8B1D15E39600B24A81 /* Sources */,
				5AF23C8C1D15E39600B24A81 /* Frameworks */,
				5AF23C8D1D15E39600B24A81 /* Resources */,
			);
			buildRules = (
			);
			dependencies = (
			);
			name = HideBombs;
			productName = HideBombs;
			productReference = 5AF23C8F1D15E39600B24A81 /* HideBombs.app */;
			productType = "com.apple.product-type.application";
		};
/* End PBXNativeTarget section */

/* Begin PBXProject section */
		5AF23C871D15E39600B24A81 /* Project object */ = {
			isa = PBXProject;
			attributes = {
				LastSwiftUpdateCheck = 0720;
				LastUpgradeCheck = 0720;
				ORGANIZATIONNAME = "Phu Nguyen";
				TargetAttributes = {
					5AF23C8E1D15E39600B24A81 = {
						CreatedOnToolsVersion = 7.2;
					};
				};
			};
			buildConfigurationList = 5AF23C8A1D15E39600B24A81 /* Build configuration list for PBXProject "HideBombs" */;
			compatibilityVersion = "Xcode 3.2";
			developmentRegion = English;
			hasScannedForEncodings = 0;
			knownRegions = (
				en,
				Base,
			);
			mainGroup = 5AF23C861D15E39600B24A81;
			productRefGroup = 5AF23C901D15E39600B24A81 /* Products */;
			projectDirPath = "";
			projectRoot = "";
			targets = (
				5AF23C8E1D15E39600B24A81 /* HideBombs */,
			);
		};
/* End PBXProject section */

/* Begin PBXResourcesBuildPhase section */
		5AF23C8D1D15E39600B24A81 /* Resources */ = {
			isa = PBXResourcesBuildPhase;
			buildActionMask = 2147483647;
			files = (
				5AF23C9D1D15E39600B24A81 /* LaunchScreen.storyboard in Resources */,
				5AF23C9A1D15E39600B24A81 /* Assets.xcassets in Resources */,
				5AF23C981D15E39600B24A81 /* Main.storyboard in Resources */,
			);
			runOnlyForDeploymentPostprocessing = 0;
		};
/* End PBXResourcesBuildPhase section */

/* Begin PBXSourcesBuildPhase section */
		5AF23C8B1D15E39600B24A81 /* Sources */ = {
			isa = PBXSourcesBuildPhase;
			buildActionMask = 2147483647;
			files = (
				5AF23C951D15E39600B24A81 /* ViewController.swift in Sources */,
				5AF23C931D15E39600B24A81 /* AppDelegate.swift in Sources */,
			);
			runOnlyForDeploymentPostprocessing = 0;
		};
/* End PBXSourcesBuildPhase section */

/* Begin PBXVariantGroup section */
		5AF23C961D15E39600B24A81 /* Main.storyboard */ = {
			isa = PBXVariantGroup;
			children = (
				5AF23C971D15E39600B24A81 /* Base */,
			);
			name = Main.storyboard;
			sourceTree = "<group>";
		};
		5AF23C9B1D15E39600B24A81 /* LaunchScreen.storyboard */ = {
			isa = PBXVariantGroup;
			children = (
				5AF23C9C1D15E39600B24A81 /* Base */,
			);
			name = LaunchScreen.storyboard;
			sourceTree = "<group>";
		};
/* End PBXVariantGroup section */

/* Begin XCBuildConfiguration section */
		5AF23C9F1D15E39600B24A81 /* Debug */ = {
			isa = XCBuildConfiguration;
			buildSettings = {
				ALWAYS_SEARCH_USER_PATHS = NO;
				CLANG_CXX_LANGUAGE_STANDARD = "gnu++0x";
				CLANG_CXX_LIBRARY = "libc++";
				CLANG_ENABLE_MODULES = YES;
				CLANG_ENABLE_OBJC_ARC = YES;
				CLANG_WARN_BOOL_CONVERSION = YES;
				CLANG_WARN_CONSTANT_CONVERSION = YES;
				CLANG_WARN_DIRECT_OBJC_ISA_USAGE = YES_ERROR;
				CLANG_WARN_EMPTY_BODY = YES;
				CLANG_WARN_ENUM_CONVERSION = YES;
				CLANG_WARN_INT_CONVERSION = YES;
				CLANG_WARN_OBJC_ROOT_CLASS = YES_ERROR;
				CLANG_WARN_UNREACHABLE_CODE = YES;
				CLANG_WARN__DUPLICATE_METHOD_MATCH = YES;
				"CODE_SIGN_IDENTITY[sdk=iphoneos*]" = "iPhone Developer";
				COPY_PHASE_STRIP = NO;
				DEBUG_INFORMATION_FORMAT = dwarf;
				ENABLE_STRICT_OBJC_MSGSEND = YES;
				ENABLE_TESTABILITY = YES;
				GCC_C_LANGUAGE_STANDARD = gnu99;
				GCC_DYNAMIC_NO_PIC = NO;
				GCC_NO_COMMON_BLOCKS = YES;
				GCC_OPTIMIZATION_LEVEL = 0;
				GCC_PREPROCESSOR_DEFINITIONS = (
					"DEBUG=1",
					"$(inherited)",
				);
				GCC_WARN_64_TO_32_BIT_CONVERSION = YES;
				GCC_WARN_ABOUT_RETURN_TYPE = YES_ERROR;
				GCC_WARN_UNDECLARED_SELECTOR = YES;
				GCC_WARN_UNINITIALIZED_AUTOS = YES_AGGRESSIVE;
				GCC_WARN_UNUSED_FUNCTION = YES;
				GCC_WARN_UNUSED_VARIABLE = YES;
				IPHONEOS_DEPLOYMENT_TARGET = 9.2;
				MTL_ENABLE_DEBUG_INFO = YES;
				ONLY_ACTIVE_ARCH = YES;
				SDKROOT = iphoneos;
				SWIFT_OPTIMIZATION_LEVEL = "-Onone";
			};
			name = Debug;
		};
		5AF23CA01D15E39600B24A81 /* Release */ = {
			isa = XCBuildConfiguration;
			buildSettings = {
				ALWAYS_SEARCH_USER_PATHS = NO;
				CLANG_CXX_LANGUAGE_STANDARD = "gnu++0x";
				CLANG_CXX_LIBRARY = "libc++";
				CLANG_ENABLE_MODULES = YES;
				CLANG_ENABLE_OBJC_ARC = YES;
				CLANG_WARN_BOOL_CONVERSION = YES;
				CLANG_WARN_CONSTANT_CONVERSION = YES;
				CLANG_WARN_DIRECT_OBJC_ISA_USAGE = YES_ERROR;
				CLANG_WARN_EMPTY_BODY = YES;
				CLANG_WARN_ENUM_CONVERSION = YES;
				CLANG_WARN_INT_CONVERSION = YES;
				CLANG_WARN_OBJC_ROOT_CLASS = YES_ERROR;
				CLANG_WARN_UNREACHABLE_CODE = YES;
				CLANG_WARN__DUPLICATE_METHOD_MATCH = YES;
				"CODE_SIGN_IDENTITY[sdk=iphoneos*]" = "iPhone Developer";
				COPY_PHASE_STRIP = NO;
				DEBUG_INFORMATION_FORMAT = "dwarf-with-dsym";
				ENABLE_NS_ASSERTIONS = NO;
				ENABLE_STRICT_OBJC_MSGSEND = YES;
				GCC_C_LANGUAGE_STANDARD = gnu99;
				GCC_NO_COMMON_BLOCKS = YES;
				GCC_WARN_64_TO_32_BIT_CONVERSION = YES;
				GCC_WARN_ABOUT_RETURN_TYPE = YES_ERROR;
				GCC_WARN_UNDECLARED_SELECTOR = YES;
				GCC_WARN_UNINITIALIZED_AUTOS = YES_AGGRESSIVE;
				GCC_WARN_UNUSED_FUNCTION = YES;
				GCC_WARN_UNUSED_VARIABLE = YES;
				IPHONEOS_DEPLOYMENT_TARGET = 9.2;
				MTL_ENABLE_DEBUG_INFO = NO;
				SDKROOT = iphoneos;
				VALIDATE_PRODUCT = YES;
			};
			name = Release;
		};
		5AF23CA21D15E39600B24A81 /* Debug */ = {
			isa = XCBuildConfiguration;
			buildSettings = {
				ASSETCATALOG_COMPILER_APPICON_NAME = AppIcon;
				INFOPLIST_FILE = HideBombs/Info.plist;
				LD_RUNPATH_SEARCH_PATHS = "$(inherited) @executable_path/Frameworks";
				PRODUCT_BUNDLE_IDENTIFIER = phu.HideBombs;
				PRODUCT_NAME = "$(TARGET_NAME)";
			};
			name = Debug;
		};
		5AF23CA31D15E39600B24A81 /* Release */ = {
			isa = XCBuildConfiguration;
			buildSettings = {
				ASSETCATALOG_COMPILER_APPICON_NAME = AppIcon;
				INFOPLIST_FILE = HideBombs/Info.plist;
				LD_RUNPATH_SEARCH_PATHS = "$(inherited) @executable_path/Frameworks";
				PRODUCT_BUNDLE_IDENTIFIER = phu.HideBombs;
				PRODUCT_NAME = "$(TARGET_NAME)";
			};
			name = Release;
		};
/* End XCBuildConfiguration section */

/* Begin XCConfigurationList section */
		5AF23C8A1D15E39600B24A81 /* Build configuration list for PBXProject "HideBombs" */ = {
			isa = XCConfigurationList;
			buildConfigurations = (
				5AF23C9F1D15E39600B24A81 /* Debug */,
				5AF23CA01D15E39600B24A81 /* Release */,
			);
			defaultConfigurationIsVisible = 0;
			defaultConfigurationName = Release;
		};
		5AF23CA11D15E39600B24A81 /* Build configuration list for PBXNativeTarget "HideBombs" */ = {
			isa = XCConfigurationList;
			buildConfigurations = (
				5AF23CA21D15E39600B24A81 /* Debug */,
				5AF23CA31D15E39600B24A81 /* Release */,
			);
			defaultConfigurationIsVisible = 0;
		};
/* End XCConfigurationList section */
	};
	rootObject = 5AF23C871D15E39600B24A81 /* Project object */;
}
